{
  "version": 4,
  "terraform_version": "0.13.6",
  "serial": 9,
  "lineage": "7506ca4d-99f6-0f03-e00b-7e66b8a3391e",
  "outputs": {
    "auth_method": {
      "value": {
        "access_expires": 0,
        "access_id": "p-3ngx09cx54j1",
        "access_key": "FlzJy+8cY0Hxl9ocwl033jy0UbHK0JrXgTrZZ+Ms680=",
        "api_key": [
          {}
        ],
        "aws_iam": [],
        "azure_ad": [],
        "bound_ips": null,
        "gcp": [],
        "id": "terraform-tests/auth-method-api-key-demo",
        "path": "terraform-tests/auth-method-api-key-demo",
        "saml": []
      },
      "type": [
        "object",
        {
          "access_expires": "number",
          "access_id": "string",
          "access_key": "string",
          "api_key": [
            "list",
            [
              "object",
              {}
            ]
          ],
          "aws_iam": [
            "list",
            [
              "object",
              {
                "bound_arn": [
                  "set",
                  "string"
                ],
                "bound_aws_account_id": [
                  "set",
                  "string"
                ],
                "bound_resource_id": [
                  "set",
                  "string"
                ],
                "bound_role_id": [
                  "set",
                  "string"
                ],
                "bound_role_name": [
                  "set",
                  "string"
                ],
                "bound_user_id": [
                  "set",
                  "string"
                ],
                "bound_user_name": [
                  "set",
                  "string"
                ],
                "sts_url": "string"
              }
            ]
          ],
          "azure_ad": [
            "list",
            [
              "object",
              {
                "bound_group_id": [
                  "set",
                  "string"
                ],
                "bound_providers": [
                  "set",
                  "string"
                ],
                "bound_resource_id": [
                  "set",
                  "string"
                ],
                "bound_resource_names": [
                  "set",
                  "string"
                ],
                "bound_resource_types": [
                  "set",
                  "string"
                ],
                "bound_rg_id": [
                  "set",
                  "string"
                ],
                "bound_spid": [
                  "set",
                  "string"
                ],
                "bound_sub_id": [
                  "set",
                  "string"
                ],
                "bound_tenant_id": "string",
                "custom_audience": "string",
                "custom_issuer": "string",
                "jwks_uri": "string"
              }
            ]
          ],
          "bound_ips": "string",
          "gcp": [
            "list",
            [
              "object",
              {
                "audience": "string",
                "gce": [
                  "list",
                  [
                    "object",
                    {
                      "bound_labels": [
                        "set",
                        "string"
                      ],
                      "bound_regions": [
                        "set",
                        "string"
                      ],
                      "bound_zones": [
                        "set",
                        "string"
                      ]
                    }
                  ]
                ],
                "iam": [
                  "list",
                  [
                    "object",
                    {
                      "bound_service_accounts": [
                        "set",
                        "string"
                      ]
                    }
                  ]
                ],
                "service_account_creds_data": "string"
              }
            ]
          ],
          "id": "string",
          "path": "string",
          "saml": [
            "list",
            [
              "object",
              {
                "idp_metadata_url": "string",
                "unique_identifier": "string"
              }
            ]
          ]
        }
      ]
    },
    "secret": {
      "value": {
        "id": "terraform-tests/secret",
        "path": "terraform-tests/secret",
        "value": "this value was set from terraform",
        "version": 0
      },
      "type": [
        "object",
        {
          "id": "string",
          "path": "string",
          "value": "string",
          "version": "number"
        }
      ]
    }
  },
  "resources": [
    {
      "mode": "data",
      "type": "akeyless_secret",
      "name": "secret",
      "provider": "provider[\"akeyless.io/platform/akeyless\"]",
      "instances": [
        {
          "schema_version": 0,
          "attributes": {
            "id": "terraform-tests/secret",
            "path": "terraform-tests/secret",
            "value": "this value was set from terraform",
            "version": 0
          }
        }
      ]
    },
    {
      "mode": "managed",
      "type": "akeyless_auth_method",
      "name": "api_key",
      "provider": "provider[\"akeyless.io/platform/akeyless\"]",
      "instances": [
        {
          "schema_version": 0,
          "attributes": {
            "access_expires": 0,
            "access_id": "p-3ngx09cx54j1",
            "access_key": "FlzJy+8cY0Hxl9ocwl033jy0UbHK0JrXgTrZZ+Ms680=",
            "api_key": [
              {}
            ],
            "aws_iam": [],
            "azure_ad": [],
            "bound_ips": null,
            "gcp": [],
            "id": "terraform-tests/auth-method-api-key-demo",
            "path": "terraform-tests/auth-method-api-key-demo",
            "saml": []
          },
          "private": "bnVsbA=="
        }
      ]
    },
    {
      "mode": "managed",
      "type": "akeyless_role",
      "name": "role",
      "provider": "provider[\"akeyless.io/platform/akeyless\"]",
      "instances": [
        {
          "schema_version": 0,
          "attributes": {
            "assoc_auth_method": [
              {
                "am_name": "terraform-tests/auth-method-api-key-demo",
                "sub_claims": {
                  "groups": "developers,readers",
                  "users": "bob"
                }
              }
            ],
            "assoc_auth_method_with_rules": "{\"client_permissions\":[\"read\",\"list\",\"update\",\"delete\",\"create\"],\"comment\":\"\",\"role_auth_methods_assoc\":[{\"assoc_id\":\"ass-w15ff30fyapfp3ii891g\",\"auth_method_access_id\":\"p-3ngx09cx54j1\",\"auth_method_name\":\"terraform-tests/auth-method-api-key-demo\",\"auth_method_sub_claims\":{\"groups\":[\"developers\",\"readers\"],\"users\":[\"bob\"]},\"sub_claims_case_sensitive\":false}],\"role_name\":\"terraform-tests/demo-role\",\"rules\":{\"admin\":false,\"path_rules\":[{\"capabilities\":[\"read\",\"list\"],\"path\":\"/terraform-tests/*\",\"type\":\"auth-method-rule\"},{\"capabilities\":[\"read\"],\"path\":\"/terraform-tests/secrets/*\",\"type\":\"auth-method-rule\"}]}}",
            "comment": null,
            "id": "terraform-tests/demo-role",
            "name": "terraform-tests/demo-role",
            "rules": [
              {
                "capability": [
                  "list",
                  "read"
                ],
                "path": "/terraform-tests/*",
                "rule_type": "auth-method-rule"
              }
            ]
          },
          "private": "bnVsbA==",
          "dependencies": [
            "akeyless_auth_method.api_key"
          ]
        }
      ]
    },
    {
      "mode": "managed",
      "type": "akeyless_static_secret",
      "name": "secret",
      "provider": "provider[\"akeyless.io/platform/akeyless\"]",
      "instances": [
        {
          "schema_version": 0,
          "attributes": {
            "id": "terraform-tests/secret",
            "path": "terraform-tests/secret",
            "protection_key": "acc-zu1bb9enfnbp__account-def-secrets-key__",
            "value": "this value was set from terraform",
            "version": 1
          },
          "private": "bnVsbA=="
        }
      ]
    }
  ]
}
